schema: '2.0'
stages:
  download:
    cmd: Rscript R/download.R
    deps:
    - path: R/download.R
      hash: md5
      md5: e9fa1fd48238cddf82d5959648568cf3
      size: 1029
    outs:
    - path: download
      hash: md5
      md5: 002697b8abf00a850f22834cb8b86aa3.dir
      size: 29552227779
      nfiles: 1
  process:
    cmd: "export R_PROGRESSR_ENABLE=TRUE\nRscript R/process.R\n"
    deps:
    - path: R/process.R
      hash: md5
      md5: f061e336edc879b29a7537c4b9f15bbb
      size: 1308
    - path: download
      hash: md5
      md5: 002697b8abf00a850f22834cb8b86aa3.dir
      size: 29552227779
      nfiles: 1
    outs:
    - path: brick/dbSNP.parquet/
      hash: md5
      md5: 0fd10b555eab91bf6246d823e80756f1.dir
      size: 56350333459
      nfiles: 125
