schema: '2.0'
stages:
  download:
    cmd: Rscript R/download.R
    deps:
    - path: R/download.R
      md5: 02a13feeaba7cb7a5cce700a3f67325a
      size: 467
    outs:
    - path: download/GCF_000001405.39.gz
      md5: 9dff5494733d023b66e0bf340c4e4512
      size: 25648980738
  process:
    cmd: Rscript R/process.R
    deps:
    - path: R/process.R
      md5: ec231bfe05b0fdfcfa37166b17389a3f
      size: 912
    - path: download/GCF_000001405.39.gz
      md5: 9dff5494733d023b66e0bf340c4e4512
      size: 25648980738
    outs:
    - path: data/dbSNP.parquet
      md5: 56fcf03d7c89e6450e862933e7075f4a.dir
      size: 49723327381
      nfiles: 112
